// !$*UTF8*$!
{
	archiveVersion = 1;
	classes = {
	};
	objectVersion = 56;
	objects = {

/* Begin PBXBuildFile section */
		9830F0A62C119A3000D69C88 /* BrowserinoApp.swift in Sources */ = {isa = PBXBuildFile; fileRef = 9830F0A52C119A3000D69C88 /* BrowserinoApp.swift */; };
		9830F0A82C119A3000D69C88 /* SelectView.swift in Sources */ = {isa = PBXBuildFile; fileRef = 9830F0A72C119A3000D69C88 /* SelectView.swift */; };
		9830F0AA2C119A3100D69C88 /* Assets.xcassets in Resources */ = {isa = PBXBuildFile; fileRef = 9830F0A92C119A3100D69C88 /* Assets.xcassets */; };
		9830F0AD2C119A3100D69C88 /* Preview Assets.xcassets in Resources */ = {isa = PBXBuildFile; fileRef = 9830F0AC2C119A3100D69C88 /* Preview Assets.xcassets */; };
		9830F0B62C119CD800D69C88 /* main.swift in Sources */ = {isa = PBXBuildFile; fileRef = 9830F0B52C119CD800D69C88 /* main.swift */; };
		9830F0B92C11B09700D69C88 /* BlurredView.swift in Sources */ = {isa = PBXBuildFile; fileRef = 9830F0B82C11B09700D69C88 /* BlurredView.swift */; };
		9830F0BB2C11DE8F00D69C88 /* PreferencesView.swift in Sources */ = {isa = PBXBuildFile; fileRef = 9830F0BA2C11DE8F00D69C88 /* PreferencesView.swift */; };
		9830F0BE2C11DEBB00D69C88 /* View+If.swift in Sources */ = {isa = PBXBuildFile; fileRef = 9830F0BD2C11DEBB00D69C88 /* View+If.swift */; };
		9830F0C32C11DEED00D69C88 /* ButtonStyles.swift in Sources */ = {isa = PBXBuildFile; fileRef = 9830F0C22C11DEED00D69C88 /* ButtonStyles.swift */; };
		9830F0C52C11DF2C00D69C88 /* BrowserinoWindow.swift in Sources */ = {isa = PBXBuildFile; fileRef = 9830F0C42C11DF2C00D69C88 /* BrowserinoWindow.swift */; };
		9830F0C72C11E87300D69C88 /* Array+RawRepresentable.swift in Sources */ = {isa = PBXBuildFile; fileRef = 9830F0C62C11E87300D69C88 /* Array+RawRepresentable.swift */; };
		98F919362C12187500BDC10C /* Browserino.icns in Resources */ = {isa = PBXBuildFile; fileRef = 98F919352C12187500BDC10C /* Browserino.icns */; };
/* End PBXBuildFile section */

/* Begin PBXFileReference section */
		9830F0A22C119A3000D69C88 /* Browserino.app */ = {isa = PBXFileReference; explicitFileType = wrapper.application; includeInIndex = 0; path = Browserino.app; sourceTree = BUILT_PRODUCTS_DIR; };
		9830F0A52C119A3000D69C88 /* BrowserinoApp.swift */ = {isa = PBXFileReference; lastKnownFileType = sourcecode.swift; path = BrowserinoApp.swift; sourceTree = "<group>"; };
		9830F0A72C119A3000D69C88 /* SelectView.swift */ = {isa = PBXFileReference; lastKnownFileType = sourcecode.swift; path = SelectView.swift; sourceTree = "<group>"; };
		9830F0A92C119A3100D69C88 /* Assets.xcassets */ = {isa = PBXFileReference; lastKnownFileType = folder.assetcatalog; path = Assets.xcassets; sourceTree = "<group>"; };
		9830F0AC2C119A3100D69C88 /* Preview Assets.xcassets */ = {isa = PBXFileReference; lastKnownFileType = folder.assetcatalog; path = "Preview Assets.xcassets"; sourceTree = "<group>"; };
		9830F0AE2C119A3100D69C88 /* Browserino.entitlements */ = {isa = PBXFileReference; lastKnownFileType = text.plist.entitlements; path = Browserino.entitlements; sourceTree = "<group>"; };
		9830F0B42C119AB500D69C88 /* Info.plist */ = {isa = PBXFileReference; lastKnownFileType = text.plist; path = Info.plist; sourceTree = "<group>"; };
		9830F0B52C119CD800D69C88 /* main.swift */ = {isa = PBXFileReference; lastKnownFileType = sourcecode.swift; path = main.swift; sourceTree = "<group>"; };
		9830F0B82C11B09700D69C88 /* BlurredView.swift */ = {isa = PBXFileReference; lastKnownFileType = sourcecode.swift; path = BlurredView.swift; sourceTree = "<group>"; };
		9830F0BA2C11DE8F00D69C88 /* PreferencesView.swift */ = {isa = PBXFileReference; lastKnownFileType = sourcecode.swift; path = PreferencesView.swift; sourceTree = "<group>"; };
		9830F0BD2C11DEBB00D69C88 /* View+If.swift */ = {isa = PBXFileReference; lastKnownFileType = sourcecode.swift; path = "View+If.swift"; sourceTree = "<group>"; };
		9830F0C22C11DEED00D69C88 /* ButtonStyles.swift */ = {isa = PBXFileReference; lastKnownFileType = sourcecode.swift; path = ButtonStyles.swift; sourceTree = "<group>"; };
		9830F0C42C11DF2C00D69C88 /* BrowserinoWindow.swift */ = {isa = PBXFileReference; lastKnownFileType = sourcecode.swift; path = BrowserinoWindow.swift; sourceTree = "<group>"; };
		9830F0C62C11E87300D69C88 /* Array+RawRepresentable.swift */ = {isa = PBXFileReference; lastKnownFileType = sourcecode.swift; path = "Array+RawRepresentable.swift"; sourceTree = "<group>"; };
		98F919352C12187500BDC10C /* Browserino.icns */ = {isa = PBXFileReference; lastKnownFileType = image.icns; path = Browserino.icns; sourceTree = "<group>"; };
/* End PBXFileReference section */

/* Begin PBXFrameworksBuildPhase section */
		9830F09F2C119A3000D69C88 /* Frameworks */ = {
			isa = PBXFrameworksBuildPhase;
			buildActionMask = 2147483647;
			files = (
			);
			runOnlyForDeploymentPostprocessing = 0;
		};
/* End PBXFrameworksBuildPhase section */

/* Begin PBXGroup section */
		9830F0992C119A3000D69C88 = {
			isa = PBXGroup;
			children = (
				9830F0A42C119A3000D69C88 /* Browserino */,
				9830F0A32C119A3000D69C88 /* Products */,
			);
			sourceTree = "<group>";
		};
		9830F0A32C119A3000D69C88 /* Products */ = {
			isa = PBXGroup;
			children = (
				9830F0A22C119A3000D69C88 /* Browserino.app */,
			);
			name = Products;
			sourceTree = "<group>";
		};
		9830F0A42C119A3000D69C88 /* Browserino */ = {
			isa = PBXGroup;
			children = (
				9830F0AB2C119A3100D69C88 /* Preview Content */,
				9830F0BF2C11DEC900D69C88 /* Modifiers */,
				9830F0BC2C11DEAB00D69C88 /* Extensions */,
				9830F0B72C11B08B00D69C88 /* Views */,
				9830F0A92C119A3100D69C88 /* Assets.xcassets */,
				9830F0B42C119AB500D69C88 /* Info.plist */,
				98F919352C12187500BDC10C /* Browserino.icns */,
				9830F0AE2C119A3100D69C88 /* Browserino.entitlements */,
				9830F0C42C11DF2C00D69C88 /* BrowserinoWindow.swift */,
				9830F0A52C119A3000D69C88 /* BrowserinoApp.swift */,
				9830F0B52C119CD800D69C88 /* main.swift */,
			);
			path = Browserino;
			sourceTree = "<group>";
		};
		9830F0AB2C119A3100D69C88 /* Preview Content */ = {
			isa = PBXGroup;
			children = (
				9830F0AC2C119A3100D69C88 /* Preview Assets.xcassets */,
			);
			path = "Preview Content";
			sourceTree = "<group>";
		};
		9830F0B72C11B08B00D69C88 /* Views */ = {
			isa = PBXGroup;
			children = (
				9830F0BA2C11DE8F00D69C88 /* PreferencesView.swift */,
				9830F0A72C119A3000D69C88 /* SelectView.swift */,
				9830F0B82C11B09700D69C88 /* BlurredView.swift */,
			);
			path = Views;
			sourceTree = "<group>";
		};
		9830F0BC2C11DEAB00D69C88 /* Extensions */ = {
			isa = PBXGroup;
			children = (
				9830F0BD2C11DEBB00D69C88 /* View+If.swift */,
				9830F0C62C11E87300D69C88 /* Array+RawRepresentable.swift */,
			);
			path = Extensions;
			sourceTree = "<group>";
		};
		9830F0BF2C11DEC900D69C88 /* Modifiers */ = {
			isa = PBXGroup;
			children = (
				9830F0C22C11DEED00D69C88 /* ButtonStyles.swift */,
			);
			path = Modifiers;
			sourceTree = "<group>";
		};
/* End PBXGroup section */

/* Begin PBXNativeTarget section */
		9830F0A12C119A3000D69C88 /* Browserino */ = {
			isa = PBXNativeTarget;
			buildConfigurationList = 9830F0B12C119A3100D69C88 /* Build configuration list for PBXNativeTarget "Browserino" */;
			buildPhases = (
				9830F09E2C119A3000D69C88 /* Sources */,
				9830F09F2C119A3000D69C88 /* Frameworks */,
				9830F0A02C119A3000D69C88 /* Resources */,
			);
			buildRules = (
			);
			dependencies = (
			);
			name = Browserino;
			productName = Browserino;
			productReference = 9830F0A22C119A3000D69C88 /* Browserino.app */;
			productType = "com.apple.product-type.application";
		};
/* End PBXNativeTarget section */

/* Begin PBXProject section */
		9830F09A2C119A3000D69C88 /* Project object */ = {
			isa = PBXProject;
			attributes = {
				BuildIndependentTargetsInParallel = 1;
				LastSwiftUpdateCheck = 1530;
				LastUpgradeCheck = 1530;
				TargetAttributes = {
					9830F0A12C119A3000D69C88 = {
						CreatedOnToolsVersion = 15.3;
					};
				};
			};
			buildConfigurationList = 9830F09D2C119A3000D69C88 /* Build configuration list for PBXProject "Browserino" */;
			compatibilityVersion = "Xcode 14.0";
			developmentRegion = en;
			hasScannedForEncodings = 0;
			knownRegions = (
				en,
				Base,
			);
			mainGroup = 9830F0992C119A3000D69C88;
			productRefGroup = 9830F0A32C119A3000D69C88 /* Products */;
			projectDirPath = "";
			projectRoot = "";
			targets = (
				9830F0A12C119A3000D69C88 /* Browserino */,
			);
		};
/* End PBXProject section */

/* Begin PBXResourcesBuildPhase section */
		9830F0A02C119A3000D69C88 /* Resources */ = {
			isa = PBXResourcesBuildPhase;
			buildActionMask = 2147483647;
			files = (
				9830F0AD2C119A3100D69C88 /* Preview Assets.xcassets in Resources */,
				9830F0AA2C119A3100D69C88 /* Assets.xcassets in Resources */,
				98F919362C12187500BDC10C /* Browserino.icns in Resources */,
			);
			runOnlyForDeploymentPostprocessing = 0;
		};
/* End PBXResourcesBuildPhase section */

/* Begin PBXSourcesBuildPhase section */
		9830F09E2C119A3000D69C88 /* Sources */ = {
			isa = PBXSourcesBuildPhase;
			buildActionMask = 2147483647;
			files = (
				9830F0BB2C11DE8F00D69C88 /* PreferencesView.swift in Sources */,
				9830F0A82C119A3000D69C88 /* SelectView.swift in Sources */,
				9830F0A62C119A3000D69C88 /* BrowserinoApp.swift in Sources */,
				9830F0C52C11DF2C00D69C88 /* BrowserinoWindow.swift in Sources */,
				9830F0BE2C11DEBB00D69C88 /* View+If.swift in Sources */,
				9830F0C32C11DEED00D69C88 /* ButtonStyles.swift in Sources */,
				9830F0B62C119CD800D69C88 /* main.swift in Sources */,
				9830F0B92C11B09700D69C88 /* BlurredView.swift in Sources */,
				9830F0C72C11E87300D69C88 /* Array+RawRepresentable.swift in Sources */,
			);
			runOnlyForDeploymentPostprocessing = 0;
		};
/* End PBXSourcesBuildPhase section */

/* Begin XCBuildConfiguration section */
		9830F0AF2C119A3100D69C88 /* Debug */ = {
			isa = XCBuildConfiguration;
			buildSettings = {
				ALWAYS_SEARCH_USER_PATHS = NO;
				ASSETCATALOG_COMPILER_GENERATE_SWIFT_ASSET_SYMBOL_EXTENSIONS = YES;
				CLANG_ANALYZER_NONNULL = YES;
				CLANG_ANALYZER_NUMBER_OBJECT_CONVERSION = YES_AGGRESSIVE;
				CLANG_CXX_LANGUAGE_STANDARD = "gnu++20";
				CLANG_ENABLE_MODULES = YES;
				CLANG_ENABLE_OBJC_ARC = YES;
				CLANG_ENABLE_OBJC_WEAK = YES;
				CLANG_WARN_BLOCK_CAPTURE_AUTORELEASING = YES;
				CLANG_WARN_BOOL_CONVERSION = YES;
				CLANG_WARN_COMMA = YES;
				CLANG_WARN_CONSTANT_CONVERSION = YES;
				CLANG_WARN_DEPRECATED_OBJC_IMPLEMENTATIONS = YES;
				CLANG_WARN_DIRECT_OBJC_ISA_USAGE = YES_ERROR;
				CLANG_WARN_DOCUMENTATION_COMMENTS = YES;
				CLANG_WARN_EMPTY_BODY = YES;
				CLANG_WARN_ENUM_CONVERSION = YES;
				CLANG_WARN_INFINITE_RECURSION = YES;
				CLANG_WARN_INT_CONVERSION = YES;
				CLANG_WARN_NON_LITERAL_NULL_CONVERSION = YES;
				CLANG_WARN_OBJC_IMPLICIT_RETAIN_SELF = YES;
				CLANG_WARN_OBJC_LITERAL_CONVERSION = YES;
				CLANG_WARN_OBJC_ROOT_CLASS = YES_ERROR;
				CLANG_WARN_QUOTED_INCLUDE_IN_FRAMEWORK_HEADER = YES;
				CLANG_WARN_RANGE_LOOP_ANALYSIS = YES;
				CLANG_WARN_STRICT_PROTOTYPES = YES;
				CLANG_WARN_SUSPICIOUS_MOVE = YES;
				CLANG_WARN_UNGUARDED_AVAILABILITY = YES_AGGRESSIVE;
				CLANG_WARN_UNREACHABLE_CODE = YES;
				CLANG_WARN__DUPLICATE_METHOD_MATCH = YES;
				COPY_PHASE_STRIP = NO;
				DEBUG_INFORMATION_FORMAT = dwarf;
				ENABLE_STRICT_OBJC_MSGSEND = YES;
				ENABLE_TESTABILITY = YES;
				ENABLE_USER_SCRIPT_SANDBOXING = YES;
				GCC_C_LANGUAGE_STANDARD = gnu17;
				GCC_DYNAMIC_NO_PIC = NO;
				GCC_NO_COMMON_BLOCKS = YES;
				GCC_OPTIMIZATION_LEVEL = 0;
				GCC_PREPROCESSOR_DEFINITIONS = (
					"DEBUG=1",
					"$(inherited)",
				);
				GCC_WARN_64_TO_32_BIT_CONVERSION = YES;
				GCC_WARN_ABOUT_RETURN_TYPE = YES_ERROR;
				GCC_WARN_UNDECLARED_SELECTOR = YES;
				GCC_WARN_UNINITIALIZED_AUTOS = YES_AGGRESSIVE;
				GCC_WARN_UNUSED_FUNCTION = YES;
				GCC_WARN_UNUSED_VARIABLE = YES;
				LOCALIZATION_PREFERS_STRING_CATALOGS = YES;
				MACOSX_DEPLOYMENT_TARGET = 14.4;
				MTL_ENABLE_DEBUG_INFO = INCLUDE_SOURCE;
				MTL_FAST_MATH = YES;
				ONLY_ACTIVE_ARCH = YES;
				SDKROOT = macosx;
				SWIFT_ACTIVE_COMPILATION_CONDITIONS = "DEBUG $(inherited)";
				SWIFT_OPTIMIZATION_LEVEL = "-Onone";
			};
			name = Debug;
		};
		9830F0B02C119A3100D69C88 /* Release */ = {
			isa = XCBuildConfiguration;
			buildSettings = {
				ALWAYS_SEARCH_USER_PATHS = NO;
				ASSETCATALOG_COMPILER_GENERATE_SWIFT_ASSET_SYMBOL_EXTENSIONS = YES;
				CLANG_ANALYZER_NONNULL = YES;
				CLANG_ANALYZER_NUMBER_OBJECT_CONVERSION = YES_AGGRESSIVE;
				CLANG_CXX_LANGUAGE_STANDARD = "gnu++20";
				CLANG_ENABLE_MODULES = YES;
				CLANG_ENABLE_OBJC_ARC = YES;
				CLANG_ENABLE_OBJC_WEAK = YES;
				CLANG_WARN_BLOCK_CAPTURE_AUTORELEASING = YES;
				CLANG_WARN_BOOL_CONVERSION = YES;
				CLANG_WARN_COMMA = YES;
				CLANG_WARN_CONSTANT_CONVERSION = YES;
				CLANG_WARN_DEPRECATED_OBJC_IMPLEMENTATIONS = YES;
				CLANG_WARN_DIRECT_OBJC_ISA_USAGE = YES_ERROR;
				CLANG_WARN_DOCUMENTATION_COMMENTS = YES;
				CLANG_WARN_EMPTY_BODY = YES;
				CLANG_WARN_ENUM_CONVERSION = YES;
				CLANG_WARN_INFINITE_RECURSION = YES;
				CLANG_WARN_INT_CONVERSION = YES;
				CLANG_WARN_NON_LITERAL_NULL_CONVERSION = YES;
				CLANG_WARN_OBJC_IMPLICIT_RETAIN_SELF = YES;
				CLANG_WARN_OBJC_LITERAL_CONVERSION = YES;
				CLANG_WARN_OBJC_ROOT_CLASS = YES_ERROR;
				CLANG_WARN_QUOTED_INCLUDE_IN_FRAMEWORK_HEADER = YES;
				CLANG_WARN_RANGE_LOOP_ANALYSIS = YES;
				CLANG_WARN_STRICT_PROTOTYPES = YES;
				CLANG_WARN_SUSPICIOUS_MOVE = YES;
				CLANG_WARN_UNGUARDED_AVAILABILITY = YES_AGGRESSIVE;
				CLANG_WARN_UNREACHABLE_CODE = YES;
				CLANG_WARN__DUPLICATE_METHOD_MATCH = YES;
				COPY_PHASE_STRIP = NO;
				DEBUG_INFORMATION_FORMAT = "dwarf-with-dsym";
				ENABLE_NS_ASSERTIONS = NO;
				ENABLE_STRICT_OBJC_MSGSEND = YES;
				ENABLE_USER_SCRIPT_SANDBOXING = YES;
				GCC_C_LANGUAGE_STANDARD = gnu17;
				GCC_NO_COMMON_BLOCKS = YES;
				GCC_WARN_64_TO_32_BIT_CONVERSION = YES;
				GCC_WARN_ABOUT_RETURN_TYPE = YES_ERROR;
				GCC_WARN_UNDECLARED_SELECTOR = YES;
				GCC_WARN_UNINITIALIZED_AUTOS = YES_AGGRESSIVE;
				GCC_WARN_UNUSED_FUNCTION = YES;
				GCC_WARN_UNUSED_VARIABLE = YES;
				LOCALIZATION_PREFERS_STRING_CATALOGS = YES;
				MACOSX_DEPLOYMENT_TARGET = 14.4;
				MTL_ENABLE_DEBUG_INFO = NO;
				MTL_FAST_MATH = YES;
				SDKROOT = macosx;
				SWIFT_COMPILATION_MODE = wholemodule;
			};
			name = Release;
		};
		9830F0B22C119A3100D69C88 /* Debug */ = {
			isa = XCBuildConfiguration;
			buildSettings = {
				ASSETCATALOG_COMPILER_APPICON_NAME = AppIcon;
				ASSETCATALOG_COMPILER_GLOBAL_ACCENT_COLOR_NAME = AccentColor;
				CODE_SIGNING_ALLOWED = NO;
				CODE_SIGN_ENTITLEMENTS = Browserino/Browserino.entitlements;
				CODE_SIGN_IDENTITY = "Don't Code Sign";
				"CODE_SIGN_IDENTITY[sdk=macosx*]" = "Don't Code Sign";
				CODE_SIGN_STYLE = Manual;
				COMBINE_HIDPI_IMAGES = YES;
				CURRENT_PROJECT_VERSION = 1;
				DEVELOPMENT_ASSET_PATHS = "\"Browserino/Preview Content\"";
				DEVELOPMENT_TEAM = N37A28CLCC;
				"DEVELOPMENT_TEAM[sdk=macosx*]" = "";
				ENABLE_HARDENED_RUNTIME = YES;
				ENABLE_PREVIEWS = YES;
				GENERATE_INFOPLIST_FILE = YES;
				INFOPLIST_FILE = Browserino/Info.plist;
				INFOPLIST_KEY_NSHumanReadableCopyright = "";
				LD_RUNPATH_SEARCH_PATHS = (
					"$(inherited)",
					"@executable_path/../Frameworks",
				);
				MARKETING_VERSION = 1.0;
				PRODUCT_BUNDLE_IDENTIFIER = xyz.alexstrnik.Browserino;
				PRODUCT_NAME = "$(TARGET_NAME)";
				SWIFT_EMIT_LOC_STRINGS = YES;
				SWIFT_VERSION = 5.0;
			};
			name = Debug;
		};
		9830F0B32C119A3100D69C88 /* Release */ = {
			isa = XCBuildConfiguration;
			buildSettings = {
				ASSETCATALOG_COMPILER_APPICON_NAME = AppIcon;
				ASSETCATALOG_COMPILER_GLOBAL_ACCENT_COLOR_NAME = AccentColor;
				CODE_SIGNING_ALLOWED = NO;
				CODE_SIGN_ENTITLEMENTS = Browserino/Browserino.entitlements;
				CODE_SIGN_IDENTITY = "Don't Code Sign";
				"CODE_SIGN_IDENTITY[sdk=macosx*]" = "Don't Code Sign";
				CODE_SIGN_STYLE = Manual;
				COMBINE_HIDPI_IMAGES = YES;
				CURRENT_PROJECT_VERSION = 1;
				DEVELOPMENT_ASSET_PATHS = "\"Browserino/Preview Content\"";
				DEVELOPMENT_TEAM = N37A28CLCC;
				"DEVELOPMENT_TEAM[sdk=macosx*]" = "";
				ENABLE_HARDENED_RUNTIME = YES;
				ENABLE_PREVIEWS = YES;
				GENERATE_INFOPLIST_FILE = YES;
				INFOPLIST_FILE = Browserino/Info.plist;
				INFOPLIST_KEY_NSHumanReadableCopyright = "";
				LD_RUNPATH_SEARCH_PATHS = (
					"$(inherited)",
					"@executable_path/../Frameworks",
				);
				MARKETING_VERSION = 1.0;
				PRODUCT_BUNDLE_IDENTIFIER = xyz.alexstrnik.Browserino;
				PRODUCT_NAME = "$(TARGET_NAME)";
				SWIFT_EMIT_LOC_STRINGS = YES;
				SWIFT_VERSION = 5.0;
			};
			name = Release;
		};
/* End XCBuildConfiguration section */

/* Begin XCConfigurationList section */
		9830F09D2C119A3000D69C88 /* Build configuration list for PBXProject "Browserino" */ = {
			isa = XCConfigurationList;
			buildConfigurations = (
				9830F0AF2C119A3100D69C88 /* Debug */,
				9830F0B02C119A3100D69C88 /* Release */,
			);
			defaultConfigurationIsVisible = 0;
			defaultConfigurationName = Release;
		};
		9830F0B12C119A3100D69C88 /* Build configuration list for PBXNativeTarget "Browserino" */ = {
			isa = XCConfigurationList;
			buildConfigurations = (
				9830F0B22C119A3100D69C88 /* Debug */,
				9830F0B32C119A3100D69C88 /* Release */,
			);
			defaultConfigurationIsVisible = 0;
			defaultConfigurationName = Release;
		};
/* End XCConfigurationList section */
	};
	rootObject = 9830F09A2C119A3000D69C88 /* Project object */;
}
